
Microsoft Visual Studio Solution File, Format Version 12.00
# Visual Studio 14
VisualStudioVersion = 14.0.25420.1
MinimumVisualStudioVersion = 10.0.40219.1
Project("{FAE04EC0-301F-11D3-BF4B-00C04F79EFBC}") = "Equality", "Equality\Equality.csproj", "{BDE1812E-7740-436E-9FD7-68D941D01AA7}"
EndProject
Global
	GlobalSection(SolutionConfigurationPlatforms) = preSolution
		Debug|Any CPU = Debug|Any CPU
		Release|Any CPU = Release|Any CPU
	EndGlobalSection
	GlobalSection(ProjectConfigurationPlatforms) = postSolution
		{BDE1812E-7740-436E-9FD7-68D941D01AA7}.Debug|Any CPU.ActiveCfg = Debug|Any CPU
		{BDE1812E-7740-436E-9FD7-68D941D01AA7}.Debug|Any CPU.Build.0 = Debug|Any CPU
		{BDE1812E-7740-436E-9FD7-68D941D01AA7}.Release|Any CPU.ActiveCfg = Release|Any CPU
		{BDE1812E-7740-436E-9FD7-68D941D01AA7}.Release|Any CPU.Build.0 = Release|Any CPU
	EndGlobalSection
	GlobalSection(SolutionProperties) = preSolution
		HideSolutionNode = FALSE
	EndGlobalSection
EndGlobal
